// !$*UTF8*$!
{
	archiveVersion = 1;
	classes = {
	};
	objectVersion = 46;
	objects = {

/* Begin PBXFileReference section */
		B468E86819D4482D0080C3D7 /* general_freeen.c */ = {isa = PBXFileReference; fileEncoding = 4; lastKnownFileType = sourcecode.c.c; name = general_freeen.c; path = ../general_freeen.c; sourceTree = "<group>"; };
		B468E86919D4482D0080C3D7 /* gcan_2014_07_08.out */ = {isa = PBXFileReference; lastKnownFileType = file; name = gcan_2014_07_08.out; path = ../gcan_2014_07_08.out; sourceTree = "<group>"; };
		B468E86A19D4482D0080C3D7 /* old_general_freeen.c */ = {isa = PBXFileReference; fileEncoding = 4; lastKnownFileType = sourcecode.c.c; name = old_general_freeen.c; path = ../old_general_freeen.c; sourceTree = "<group>"; };
		B468E86B19D4482D0080C3D7 /* old_general_freeen.c~ */ = {isa = PBXFileReference; fileEncoding = 4; lastKnownFileType = text; name = "old_general_freeen.c~"; path = "../old_general_freeen.c~"; sourceTree = "<group>"; };
		B468E86C19D4482D0080C3D7 /* in_proto.h */ = {isa = PBXFileReference; fileEncoding = 4; lastKnownFileType = sourcecode.c.h; name = in_proto.h; path = ../in_proto.h; sourceTree = "<group>"; };
		B468E86D19D4482D0080C3D7 /* in_vdefs.h */ = {isa = PBXFileReference; fileEncoding = 4; lastKnownFileType = sourcecode.c.h; name = in_vdefs.h; path = ../in_vdefs.h; sourceTree = "<group>"; };
		B468E86E19D4482D0080C3D7 /* io_interface.c */ = {isa = PBXFileReference; fileEncoding = 4; lastKnownFileType = sourcecode.c.c; name = io_interface.c; path = ../io_interface.c; sourceTree = "<group>"; };
		B468E86F19D4482D0080C3D7 /* itoa.c */ = {isa = PBXFileReference; fileEncoding = 4; lastKnownFileType = sourcecode.c.c; name = itoa.c; path = ../itoa.c; sourceTree = "<group>"; };
		B468E87019D4482D0080C3D7 /* reverse.c */ = {isa = PBXFileReference; fileEncoding = 4; lastKnownFileType = sourcecode.c.c; name = reverse.c; path = ../reverse.c; sourceTree = "<group>"; };
		B468E87119D4482D0080C3D7 /* romberg.c */ = {isa = PBXFileReference; fileEncoding = 4; lastKnownFileType = sourcecode.c.c; name = romberg.c; path = ../romberg.c; sourceTree = "<group>"; };
		B468E87219D4482D0080C3D7 /* send_job_gcan.sh */ = {isa = PBXFileReference; fileEncoding = 4; lastKnownFileType = text.script.sh; name = send_job_gcan.sh; path = ../send_job_gcan.sh; sourceTree = "<group>"; };
		B468E87319D4482D0080C3D7 /* simple_test.c */ = {isa = PBXFileReference; fileEncoding = 4; lastKnownFileType = sourcecode.c.c; name = simple_test.c; path = ../simple_test.c; sourceTree = "<group>"; };
		B468E87419D4482D0080C3D7 /* submit_gcan_freeen.sh */ = {isa = PBXFileReference; fileEncoding = 4; lastKnownFileType = text.script.sh; name = submit_gcan_freeen.sh; path = ../submit_gcan_freeen.sh; sourceTree = "<group>"; };
		B468E87619D449750080C3D7 /* makefile */ = {isa = PBXFileReference; explicitFileType = sourcecode.make; fileEncoding = 4; name = makefile; path = ../makefile; sourceTree = "<group>"; };
/* End PBXFileReference section */

/* Begin PBXGroup section */
		B468E85D19D447FB0080C3D7 = {
			isa = PBXGroup;
			children = (
				B468E87619D449750080C3D7 /* makefile */,
				B468E86819D4482D0080C3D7 /* general_freeen.c */,
				B468E86919D4482D0080C3D7 /* gcan_2014_07_08.out */,
				B468E86A19D4482D0080C3D7 /* old_general_freeen.c */,
				B468E86B19D4482D0080C3D7 /* old_general_freeen.c~ */,
				B468E86C19D4482D0080C3D7 /* in_proto.h */,
				B468E86D19D4482D0080C3D7 /* in_vdefs.h */,
				B468E86E19D4482D0080C3D7 /* io_interface.c */,
				B468E86F19D4482D0080C3D7 /* itoa.c */,
				B468E87019D4482D0080C3D7 /* reverse.c */,
				B468E87119D4482D0080C3D7 /* romberg.c */,
				B468E87219D4482D0080C3D7 /* send_job_gcan.sh */,
				B468E87319D4482D0080C3D7 /* simple_test.c */,
				B468E87419D4482D0080C3D7 /* submit_gcan_freeen.sh */,
			);
			sourceTree = "<group>";
		};
/* End PBXGroup section */

/* Begin PBXLegacyTarget section */
		B468E86219D447FB0080C3D7 /* mf_code */ = {
			isa = PBXLegacyTarget;
			buildArgumentsString = "";
			buildConfigurationList = B468E86519D447FB0080C3D7 /* Build configuration list for PBXLegacyTarget "mf_code" */;
			buildPhases = (
			);
			buildToolPath = /usr/bin/make;
			buildWorkingDirectory = /Users/niktre/Documents/MPIP/LB_codes/mf_code;
			dependencies = (
			);
			name = mf_code;
			passBuildSettingsInEnvironment = 1;
			productName = mf_code;
		};
/* End PBXLegacyTarget section */

/* Begin PBXProject section */
		B468E85E19D447FB0080C3D7 /* Project object */ = {
			isa = PBXProject;
			attributes = {
				LastUpgradeCheck = 0600;
				ORGANIZATIONNAME = niktre;
				TargetAttributes = {
					B468E86219D447FB0080C3D7 = {
						CreatedOnToolsVersion = 6.0.1;
					};
				};
			};
			buildConfigurationList = B468E86119D447FB0080C3D7 /* Build configuration list for PBXProject "mf_code" */;
			compatibilityVersion = "Xcode 3.2";
			developmentRegion = English;
			hasScannedForEncodings = 0;
			knownRegions = (
				en,
			);
			mainGroup = B468E85D19D447FB0080C3D7;
			projectDirPath = "";
			projectRoot = "";
			targets = (
				B468E86219D447FB0080C3D7 /* mf_code */,
			);
		};
/* End PBXProject section */

/* Begin XCBuildConfiguration section */
		B468E86319D447FB0080C3D7 /* Debug */ = {
			isa = XCBuildConfiguration;
			buildSettings = {
				ALWAYS_SEARCH_USER_PATHS = NO;
				CLANG_CXX_LANGUAGE_STANDARD = "gnu++0x";
				CLANG_CXX_LIBRARY = "libc++";
				CLANG_ENABLE_MODULES = YES;
				CLANG_ENABLE_OBJC_ARC = YES;
				CLANG_WARN_BOOL_CONVERSION = YES;
				CLANG_WARN_CONSTANT_CONVERSION = YES;
				CLANG_WARN_DIRECT_OBJC_ISA_USAGE = YES_ERROR;
				CLANG_WARN_EMPTY_BODY = YES;
				CLANG_WARN_ENUM_CONVERSION = YES;
				CLANG_WARN_INT_CONVERSION = YES;
				CLANG_WARN_OBJC_ROOT_CLASS = YES_ERROR;
				CLANG_WARN_UNREACHABLE_CODE = YES;
				CLANG_WARN__DUPLICATE_METHOD_MATCH = YES;
				COPY_PHASE_STRIP = NO;
				ENABLE_STRICT_OBJC_MSGSEND = YES;
				GCC_C_LANGUAGE_STANDARD = gnu99;
				GCC_DYNAMIC_NO_PIC = NO;
				GCC_OPTIMIZATION_LEVEL = 0;
				GCC_PREPROCESSOR_DEFINITIONS = (
					"DEBUG=1",
					"$(inherited)",
				);
				GCC_SYMBOLS_PRIVATE_EXTERN = NO;
				GCC_WARN_64_TO_32_BIT_CONVERSION = YES;
				GCC_WARN_ABOUT_RETURN_TYPE = YES_ERROR;
				GCC_WARN_UNDECLARED_SELECTOR = YES;
				GCC_WARN_UNINITIALIZED_AUTOS = YES_AGGRESSIVE;
				GCC_WARN_UNUSED_FUNCTION = YES;
				GCC_WARN_UNUSED_VARIABLE = YES;
				MACOSX_DEPLOYMENT_TARGET = 10.10;
				MTL_ENABLE_DEBUG_INFO = YES;
				ONLY_ACTIVE_ARCH = YES;
				SDKROOT = macosx;
			};
			name = Debug;
		};
		B468E86419D447FB0080C3D7 /* Release */ = {
			isa = XCBuildConfiguration;
			buildSettings = {
				ALWAYS_SEARCH_USER_PATHS = NO;
				CLANG_CXX_LANGUAGE_STANDARD = "gnu++0x";
				CLANG_CXX_LIBRARY = "libc++";
				CLANG_ENABLE_MODULES = YES;
				CLANG_ENABLE_OBJC_ARC = YES;
				CLANG_WARN_BOOL_CONVERSION = YES;
				CLANG_WARN_CONSTANT_CONVERSION = YES;
				CLANG_WARN_DIRECT_OBJC_ISA_USAGE = YES_ERROR;
				CLANG_WARN_EMPTY_BODY = YES;
				CLANG_WARN_ENUM_CONVERSION = YES;
				CLANG_WARN_INT_CONVERSION = YES;
				CLANG_WARN_OBJC_ROOT_CLASS = YES_ERROR;
				CLANG_WARN_UNREACHABLE_CODE = YES;
				CLANG_WARN__DUPLICATE_METHOD_MATCH = YES;
				COPY_PHASE_STRIP = YES;
				DEBUG_INFORMATION_FORMAT = "dwarf-with-dsym";
				ENABLE_NS_ASSERTIONS = NO;
				ENABLE_STRICT_OBJC_MSGSEND = YES;
				GCC_C_LANGUAGE_STANDARD = gnu99;
				GCC_WARN_64_TO_32_BIT_CONVERSION = YES;
				GCC_WARN_ABOUT_RETURN_TYPE = YES_ERROR;
				GCC_WARN_UNDECLARED_SELECTOR = YES;
				GCC_WARN_UNINITIALIZED_AUTOS = YES_AGGRESSIVE;
				GCC_WARN_UNUSED_FUNCTION = YES;
				GCC_WARN_UNUSED_VARIABLE = YES;
				MACOSX_DEPLOYMENT_TARGET = 10.10;
				MTL_ENABLE_DEBUG_INFO = NO;
				SDKROOT = macosx;
			};
			name = Release;
		};
		B468E86619D447FB0080C3D7 /* Debug */ = {
			isa = XCBuildConfiguration;
			buildSettings = {
				DEBUGGING_SYMBOLS = YES;
				GCC_GENERATE_DEBUGGING_SYMBOLS = YES;
				GCC_OPTIMIZATION_LEVEL = 0;
				OTHER_CFLAGS = "";
				OTHER_LDFLAGS = "";
				PRODUCT_NAME = "$(TARGET_NAME)";
			};
			name = Debug;
		};
		B468E86719D447FB0080C3D7 /* Release */ = {
			isa = XCBuildConfiguration;
			buildSettings = {
				OTHER_CFLAGS = "";
				OTHER_LDFLAGS = "";
				PRODUCT_NAME = "$(TARGET_NAME)";
			};
			name = Release;
		};
/* End XCBuildConfiguration section */

/* Begin XCConfigurationList section */
		B468E86119D447FB0080C3D7 /* Build configuration list for PBXProject "mf_code" */ = {
			isa = XCConfigurationList;
			buildConfigurations = (
				B468E86319D447FB0080C3D7 /* Debug */,
				B468E86419D447FB0080C3D7 /* Release */,
			);
			defaultConfigurationIsVisible = 0;
			defaultConfigurationName = Release;
		};
		B468E86519D447FB0080C3D7 /* Build configuration list for PBXLegacyTarget "mf_code" */ = {
			isa = XCConfigurationList;
			buildConfigurations = (
				B468E86619D447FB0080C3D7 /* Debug */,
				B468E86719D447FB0080C3D7 /* Release */,
			);
			defaultConfigurationIsVisible = 0;
		};
/* End XCConfigurationList section */
	};
	rootObject = B468E85E19D447FB0080C3D7 /* Project object */;
}
